
Microsoft Visual Studio Solution File, Format Version 12.00
# Visual Studio Version 16
VisualStudioVersion = 16.0.810.21
MinimumVisualStudioVersion = 10.0.40219.1
Project("{FAE04EC0-301F-11D3-BF4B-00C04F79EFBC}") = "mission13", "mission13\mission13.csproj", "{73F67D1C-285E-4D0B-8A44-77906BB43605}"
EndProject
Global
	GlobalSection(SolutionConfigurationPlatforms) = preSolution
		Debug|Any CPU = Debug|Any CPU
		Release|Any CPU = Release|Any CPU
	EndGlobalSection
	GlobalSection(ProjectConfigurationPlatforms) = postSolution
		{73F67D1C-285E-4D0B-8A44-77906BB43605}.Debug|Any CPU.ActiveCfg = Debug|Any CPU
		{73F67D1C-285E-4D0B-8A44-77906BB43605}.Debug|Any CPU.Build.0 = Debug|Any CPU
		{73F67D1C-285E-4D0B-8A44-77906BB43605}.Release|Any CPU.ActiveCfg = Release|Any CPU
		{73F67D1C-285E-4D0B-8A44-77906BB43605}.Release|Any CPU.Build.0 = Release|Any CPU
	EndGlobalSection
	GlobalSection(SolutionProperties) = preSolution
		HideSolutionNode = FALSE
	EndGlobalSection
	GlobalSection(ExtensibilityGlobals) = postSolution
		SolutionGuid = {F3AB07D5-D598-43B5-B522-C7EEFD5DB53A}
	EndGlobalSection
EndGlobal
